{
  "name": "mattec",
  "requires": true,
  "lockfileVersion": 1,
  "dependencies": {
    "@types/wpapi": {
      "version": "1.1.0",
      "resolved": "https://registry.npmjs.org/@types/wpapi/-/wpapi-1.1.0.tgz",
      "integrity": "sha512-PDLTnb1uMwfjj2MXf9uGMlGGK4Rm5wWgSuoMgLrlcldJStAU/baUPAkNW7n6emPUHsg7QU1YADZ5lJ3lPxV44g==",
      "dev": true
    }
  }
}
